version = 1
revision = 3
requires-python = ">=3.14"

[[package]]
name = "annotated-types"
version = "0.7.0"
source = { registry = "https://pypi.org/simple" }
sdist = { url = "https://files.pythonhosted.org/packages/ee/67/531ea369ba64dcff5ec9c3402f9f51bf748cec26dde048a2f973a4eea7f5/annotated_types-0.7.0.tar.gz", hash = "sha256:aff07c09a53a08bc8cfccb9c85b05f1aa9a2a6f23728d790723543408344ce89", size = 16081, upload-time = "2024-05-20T21:33:25.928Z" }
wheels = [
    { url = "https://files.pythonhosted.org/packages/78/b6/6307fbef88d9b5ee7421e68d78a9f162e0da4900bc5f5793f6d3d0e34fb8/annotated_types-0.7.0-py3-none-any.whl", hash = "sha256:1f02e8b43a8fbbc3f3e0d4f0f4bfc8131bcb4eebe8849b8e5c773f3a1c582a53", size = 13643, upload-time = "2024-05-20T21:33:24.1Z" },
]

[[package]]
name = "grpcio"
version = "1.76.0"
source = { registry = "https://pypi.org/simple" }
dependencies = [
    { name = "typing-extensions" },
]
sdist = { url = "https://files.pythonhosted.org/packages/b6/e0/318c1ce3ae5a17894d5791e87aea147587c9e702f24122cc7a5c8bbaeeb1/grpcio-1.76.0.tar.gz", hash = "sha256:7be78388d6da1a25c0d5ec506523db58b18be22d9c37d8d3a32c08be4987bd73", size = 12785182, upload-time = "2025-10-21T16:23:12.106Z" }
wheels = [
    { url = "https://files.pythonhosted.org/packages/b4/46/39adac80de49d678e6e073b70204091e76631e03e94928b9ea4ecf0f6e0e/grpcio-1.76.0-cp314-cp314-linux_armv7l.whl", hash = "sha256:ff8a59ea85a1f2191a0ffcc61298c571bc566332f82e5f5be1b83c9d8e668a62", size = 5808417, upload-time = "2025-10-21T16:22:15.02Z" },
    { url = "https://files.pythonhosted.org/packages/9c/f5/a4531f7fb8b4e2a60b94e39d5d924469b7a6988176b3422487be61fe2998/grpcio-1.76.0-cp314-cp314-macosx_11_0_universal2.whl", hash = "sha256:06c3d6b076e7b593905d04fdba6a0525711b3466f43b3400266f04ff735de0cd", size = 11828219, upload-time = "2025-10-21T16:22:17.954Z" },
    { url = "https://files.pythonhosted.org/packages/4b/1c/de55d868ed7a8bd6acc6b1d6ddc4aa36d07a9f31d33c912c804adb1b971b/grpcio-1.76.0-cp314-cp314-manylinux2014_aarch64.manylinux_2_17_aarch64.whl", hash = "sha256:fd5ef5932f6475c436c4a55e4336ebbe47bd3272be04964a03d316bbf4afbcbc", size = 6367826, upload-time = "2025-10-21T16:22:20.721Z" },
    { url = "https://files.pythonhosted.org/packages/59/64/99e44c02b5adb0ad13ab3adc89cb33cb54bfa90c74770f2607eea629b86f/grpcio-1.76.0-cp314-cp314-manylinux2014_i686.manylinux_2_17_i686.whl", hash = "sha256:b331680e46239e090f5b3cead313cc772f6caa7d0fc8de349337563125361a4a", size = 7049550, upload-time = "2025-10-21T16:22:23.637Z" },
    { url = "https://files.pythonhosted.org/packages/43/28/40a5be3f9a86949b83e7d6a2ad6011d993cbe9b6bd27bea881f61c7788b6/grpcio-1.76.0-cp314-cp314-manylinux2014_x86_64.manylinux_2_17_x86_64.whl", hash = "sha256:2229ae655ec4e8999599469559e97630185fdd53ae1e8997d147b7c9b2b72cba", size = 6575564, upload-time = "2025-10-21T16:22:26.016Z" },
    { url = "https://files.pythonhosted.org/packages/4b/a9/1be18e6055b64467440208a8559afac243c66a8b904213af6f392dc2212f/grpcio-1.76.0-cp314-cp314-musllinux_1_2_aarch64.whl", hash = "sha256:490fa6d203992c47c7b9e4a9d39003a0c2bcc1c9aa3c058730884bbbb0ee9f09", size = 7176236, upload-time = "2025-10-21T16:22:28.362Z" },
    { url = "https://files.pythonhosted.org/packages/0f/55/dba05d3fcc151ce6e81327541d2cc8394f442f6b350fead67401661bf041/grpcio-1.76.0-cp314-cp314-musllinux_1_2_i686.whl", hash = "sha256:479496325ce554792dba6548fae3df31a72cef7bad71ca2e12b0e58f9b336bfc", size = 8125795, upload-time = "2025-10-21T16:22:31.075Z" },
    { url = "https://files.pythonhosted.org/packages/4a/45/122df922d05655f63930cf42c9e3f72ba20aadb26c100ee105cad4ce4257/grpcio-1.76.0-cp314-cp314-musllinux_1_2_x86_64.whl", hash = "sha256:1c9b93f79f48b03ada57ea24725d83a30284a012ec27eab2cf7e50a550cbbbcc", size = 7592214, upload-time = "2025-10-21T16:22:33.831Z" },
    { url = "https://files.pythonhosted.org/packages/4a/6e/0b899b7f6b66e5af39e377055fb4a6675c9ee28431df5708139df2e93233/grpcio-1.76.0-cp314-cp314-win32.whl", hash = "sha256:747fa73efa9b8b1488a95d0ba1039c8e2dca0f741612d80415b1e1c560febf4e", size = 4062961, upload-time = "2025-10-21T16:22:36.468Z" },
    { url = "https://files.pythonhosted.org/packages/19/41/0b430b01a2eb38ee887f88c1f07644a1df8e289353b78e82b37ef988fb64/grpcio-1.76.0-cp314-cp314-win_amd64.whl", hash = "sha256:922fa70ba549fce362d2e2871ab542082d66e2aaf0c19480ea453905b01f384e", size = 4834462, upload-time = "2025-10-21T16:22:39.772Z" },
]

[[package]]
name = "grpcio-tools"
version = "1.76.0"
source = { registry = "https://pypi.org/simple" }
dependencies = [
    { name = "grpcio" },
    { name = "protobuf" },
    { name = "setuptools" },
]
sdist = { url = "https://files.pythonhosted.org/packages/a0/77/17d60d636ccd86a0db0eccc24d02967bbc3eea86b9db7324b04507ebaa40/grpcio_tools-1.76.0.tar.gz", hash = "sha256:ce80169b5e6adf3e8302f3ebb6cb0c3a9f08089133abca4b76ad67f751f5ad88", size = 5390807, upload-time = "2025-10-21T16:26:55.416Z" }
wheels = [
    { url = "https://files.pythonhosted.org/packages/f0/c0/aa20eebe8f3553b7851643e9c88d237c3a6ca30ade646897e25dbb27be99/grpcio_tools-1.76.0-cp314-cp314-linux_armv7l.whl", hash = "sha256:c53c5719ef2a435997755abde3826ba4087174bd432aa721d8fac781fcea79e4", size = 2546297, upload-time = "2025-10-21T16:26:01.258Z" },
    { url = "https://files.pythonhosted.org/packages/d9/98/6af702804934443c1d0d4d27d21b990d92d22ddd1b6bec6b056558cbbffa/grpcio_tools-1.76.0-cp314-cp314-macosx_11_0_universal2.whl", hash = "sha256:e3db1300d7282264639eeee7243f5de7e6a7c0283f8bf05d66c0315b7b0f0b36", size = 5839804, upload-time = "2025-10-21T16:26:05.495Z" },
    { url = "https://files.pythonhosted.org/packages/ea/8d/7725fa7b134ef8405ffe0a37c96eeb626e5af15d70e1bdac4f8f1abf842e/grpcio_tools-1.76.0-cp314-cp314-manylinux2014_aarch64.manylinux_2_17_aarch64.whl", hash = "sha256:0b018a4b7455a7e8c16d0fdb3655a6ba6c9536da6de6c5d4f11b6bb73378165b", size = 2593922, upload-time = "2025-10-21T16:26:07.563Z" },
    { url = "https://files.pythonhosted.org/packages/de/ff/5b6b5012c79fa72f9107dc13f7226d9ce7e059ea639fd8c779e0dd284386/grpcio_tools-1.76.0-cp314-cp314-manylinux2014_i686.manylinux_2_17_i686.whl", hash = "sha256:ec6e4de3866e47cfde56607b1fae83ecc5aa546e06dec53de11f88063f4b5275", size = 2905327, upload-time = "2025-10-21T16:26:09.668Z" },
    { url = "https://files.pythonhosted.org/packages/24/01/2691d369ea462cd6b6c92544122885ca01f7fa5ac75dee023e975e675858/grpcio_tools-1.76.0-cp314-cp314-manylinux2014_x86_64.manylinux_2_17_x86_64.whl", hash = "sha256:b8da4d828883913f1852bdd67383713ae5c11842f6c70f93f31893eab530aead", size = 2656214, upload-time = "2025-10-21T16:26:11.773Z" },
    { url = "https://files.pythonhosted.org/packages/6a/e7/3f8856e6ec3dd492336a91572993344966f237b0e3819fbe96437b19d313/grpcio_tools-1.76.0-cp314-cp314-musllinux_1_2_aarch64.whl", hash = "sha256:5c120c2cf4443121800e7f9bcfe2e94519fa25f3bb0b9882359dd3b252c78a7b", size = 3109889, upload-time = "2025-10-21T16:26:15.058Z" },
    { url = "https://files.pythonhosted.org/packages/f3/e4/ce5248072e47db276dc7e069e93978dcde490c959788ce7cce8081d0bfdc/grpcio_tools-1.76.0-cp314-cp314-musllinux_1_2_i686.whl", hash = "sha256:8b7df5591d699cd9076065f1f15049e9c3597e0771bea51c8c97790caf5e4197", size = 3657939, upload-time = "2025-10-21T16:26:17.34Z" },
    { url = "https://files.pythonhosted.org/packages/f6/df/81ff88af93c52135e425cd5ec9fe8b186169c7d5f9e0409bdf2bbedc3919/grpcio_tools-1.76.0-cp314-cp314-musllinux_1_2_x86_64.whl", hash = "sha256:a25048c5f984d33e3f5b6ad7618e98736542461213ade1bd6f2fcfe8ce804e3d", size = 3324752, upload-time = "2025-10-21T16:26:20.092Z" },
    { url = "https://files.pythonhosted.org/packages/35/3d/f6b83044afbf6522254a3b509515a00fed16a819c87731a478dbdd1d35c1/grpcio_tools-1.76.0-cp314-cp314-win32.whl", hash = "sha256:4b77ce6b6c17869858cfe14681ad09ed3a8a80e960e96035de1fd87f78158740", size = 1015578, upload-time = "2025-10-21T16:26:22.517Z" },
    { url = "https://files.pythonhosted.org/packages/95/4d/31236cddb7ffb09ba4a49f4f56d2608fec3bbb21c7a0a975d93bca7cd22e/grpcio_tools-1.76.0-cp314-cp314-win_amd64.whl", hash = "sha256:2ccd2c8d041351cc29d0fc4a84529b11ee35494a700b535c1f820b642f2a72fc", size = 1190242, upload-time = "2025-10-21T16:26:25.296Z" },
]

[[package]]
name = "mypy-protobuf"
version = "4.0.0"
source = { registry = "https://pypi.org/simple" }
dependencies = [
    { name = "protobuf" },
    { name = "types-protobuf" },
]
sdist = { url = "https://files.pythonhosted.org/packages/f9/95/afd552608fc8b112dd39c99d22ddb1b2da147dfd58c8c74c919e14ae99cd/mypy_protobuf-4.0.0.tar.gz", hash = "sha256:e200c833645dcfdfe8aa47f4a33d3a4b01b6be5b9a58ddbfc441329d5b679274", size = 29538, upload-time = "2025-12-21T05:35:20.57Z" }
wheels = [
    { url = "https://files.pythonhosted.org/packages/cd/78/44d4cfdc39d61a606b8747ca9542fc4f91477098c911295e45af17b1d72a/mypy_protobuf-4.0.0-py3-none-any.whl", hash = "sha256:b859286891c51e420aef711b3e6616444e81c64723c12110d1dda809fad105f6", size = 18609, upload-time = "2025-12-21T05:35:18.956Z" },
]

[[package]]
name = "placebrain-contracts"
version = "0.20.0"
source = { editable = "." }
dependencies = [
    { name = "grpcio" },
    { name = "protobuf" },
    { name = "pydantic" },
]

[package.dev-dependencies]
dev = [
    { name = "grpcio-tools" },
    { name = "mypy-protobuf" },
    { name = "protobuf" },
]

[package.metadata]
requires-dist = [
    { name = "grpcio", specifier = ">=1.76.0" },
    { name = "protobuf", specifier = ">=6.33.2" },
    { name = "pydantic", specifier = ">=2.0.0" },
]

[package.metadata.requires-dev]
dev = [
    { name = "grpcio-tools", specifier = ">=1.76.0" },
    { name = "mypy-protobuf", specifier = ">=4.0.0" },
    { name = "protobuf", specifier = ">=6.33.2" },
]

[[package]]
name = "protobuf"
version = "6.33.2"
source = { registry = "https://pypi.org/simple" }
sdist = { url = "https://files.pythonhosted.org/packages/34/44/e49ecff446afeec9d1a66d6bbf9adc21e3c7cea7803a920ca3773379d4f6/protobuf-6.33.2.tar.gz", hash = "sha256:56dc370c91fbb8ac85bc13582c9e373569668a290aa2e66a590c2a0d35ddb9e4", size = 444296, upload-time = "2025-12-06T00:17:53.311Z" }
wheels = [
    { url = "https://files.pythonhosted.org/packages/bc/91/1e3a34881a88697a7354ffd177e8746e97a722e5e8db101544b47e84afb1/protobuf-6.33.2-cp310-abi3-win32.whl", hash = "sha256:87eb388bd2d0f78febd8f4c8779c79247b26a5befad525008e49a6955787ff3d", size = 425603, upload-time = "2025-12-06T00:17:41.114Z" },
    { url = "https://files.pythonhosted.org/packages/64/20/4d50191997e917ae13ad0a235c8b42d8c1ab9c3e6fd455ca16d416944355/protobuf-6.33.2-cp310-abi3-win_amd64.whl", hash = "sha256:fc2a0e8b05b180e5fc0dd1559fe8ebdae21a27e81ac77728fb6c42b12c7419b4", size = 436930, upload-time = "2025-12-06T00:17:43.278Z" },
    { url = "https://files.pythonhosted.org/packages/b2/ca/7e485da88ba45c920fb3f50ae78de29ab925d9e54ef0de678306abfbb497/protobuf-6.33.2-cp39-abi3-macosx_10_9_universal2.whl", hash = "sha256:d9b19771ca75935b3a4422957bc518b0cecb978b31d1dd12037b088f6bcc0e43", size = 427621, upload-time = "2025-12-06T00:17:44.445Z" },
    { url = "https://files.pythonhosted.org/packages/7d/4f/f743761e41d3b2b2566748eb76bbff2b43e14d5fcab694f494a16458b05f/protobuf-6.33.2-cp39-abi3-manylinux2014_aarch64.whl", hash = "sha256:b5d3b5625192214066d99b2b605f5783483575656784de223f00a8d00754fc0e", size = 324460, upload-time = "2025-12-06T00:17:45.678Z" },
    { url = "https://files.pythonhosted.org/packages/b1/fa/26468d00a92824020f6f2090d827078c09c9c587e34cbfd2d0c7911221f8/protobuf-6.33.2-cp39-abi3-manylinux2014_s390x.whl", hash = "sha256:8cd7640aee0b7828b6d03ae518b5b4806fdfc1afe8de82f79c3454f8aef29872", size = 339168, upload-time = "2025-12-06T00:17:46.813Z" },
    { url = "https://files.pythonhosted.org/packages/56/13/333b8f421738f149d4fe5e49553bc2a2ab75235486259f689b4b91f96cec/protobuf-6.33.2-cp39-abi3-manylinux2014_x86_64.whl", hash = "sha256:1f8017c48c07ec5859106533b682260ba3d7c5567b1ca1f24297ce03384d1b4f", size = 323270, upload-time = "2025-12-06T00:17:48.253Z" },
    { url = "https://files.pythonhosted.org/packages/0e/15/4f02896cc3df04fc465010a4c6a0cd89810f54617a32a70ef531ed75d61c/protobuf-6.33.2-py3-none-any.whl", hash = "sha256:7636aad9bb01768870266de5dc009de2d1b936771b38a793f73cbbf279c91c5c", size = 170501, upload-time = "2025-12-06T00:17:52.211Z" },
]

[[package]]
name = "pydantic"
version = "2.13.1"
source = { registry = "https://pypi.org/simple" }
dependencies = [
    { name = "annotated-types" },
    { name = "pydantic-core" },
    { name = "typing-extensions" },
    { name = "typing-inspection" },
]
sdist = { url = "https://files.pythonhosted.org/packages/f3/6b/1353beb3d1cd5cf61cdec5b6f87a9872399de3bc5cae0b7ce07ff4de2ab0/pydantic-2.13.1.tar.gz", hash = "sha256:a0f829b279ddd1e39291133fe2539d2aa46cc6b150c1706a270ff0879e3774d2", size = 843746, upload-time = "2026-04-15T14:57:19.398Z" }
wheels = [
    { url = "https://files.pythonhosted.org/packages/81/5a/2225f4c176dbfed0d809e848b50ef08f70e61daa667b7fa14b0d311ae44d/pydantic-2.13.1-py3-none-any.whl", hash = "sha256:9557ecc2806faaf6037f85b1fbd963d01e30511c48085f0d573650fdeaad378a", size = 471917, upload-time = "2026-04-15T14:57:17.277Z" },
]

[[package]]
name = "pydantic-core"
version = "2.46.1"
source = { registry = "https://pypi.org/simple" }
dependencies = [
    { name = "typing-extensions" },
]
sdist = { url = "https://files.pythonhosted.org/packages/a1/93/f97a86a7eb28faa1d038af2fd5d6166418b4433659108a4c311b57128b2d/pydantic_core-2.46.1.tar.gz", hash = "sha256:d408153772d9f298098fb5d620f045bdf0f017af0d5cb6e309ef8c205540caa4", size = 471230, upload-time = "2026-04-15T14:49:34.52Z" }
wheels = [
    { url = "https://files.pythonhosted.org/packages/bd/2b/6793fe89ab66cb2d3d6e5768044eab80bba1d0fae8fd904d0a1574712e17/pydantic_core-2.46.1-cp314-cp314-macosx_10_12_x86_64.whl", hash = "sha256:9917cb61effac7ec0f448ef491ec7584526d2193be84ff981e85cbf18b68c42a", size = 2118110, upload-time = "2026-04-15T14:50:52.947Z" },
    { url = "https://files.pythonhosted.org/packages/d2/87/e9a905ddfcc2fd7bd862b340c02be6ab1f827922822d425513635d0ac774/pydantic_core-2.46.1-cp314-cp314-macosx_11_0_arm64.whl", hash = "sha256:0e749679ca9f8a9d0bff95fb7f6b57bb53f2207fa42ffcc1ec86de7e0029ab89", size = 1948645, upload-time = "2026-04-15T14:51:55.577Z" },
    { url = "https://files.pythonhosted.org/packages/15/23/26e67f86ed62ac9d6f7f3091ee5220bf14b5ac36fb811851d601365ef896/pydantic_core-2.46.1-cp314-cp314-manylinux_2_17_aarch64.manylinux2014_aarch64.whl", hash = "sha256:f2ecacee70941e233a2dad23f7796a06f86cc10cc2fbd1c97c7dd5b5a79ffa4f", size = 1977576, upload-time = "2026-04-15T14:49:37.58Z" },
    { url = "https://files.pythonhosted.org/packages/b8/78/813c13c0de323d4de54ee2e6fdd69a0271c09ac8dd65a8a000931aa487a5/pydantic_core-2.46.1-cp314-cp314-manylinux_2_17_armv7l.manylinux2014_armv7l.whl", hash = "sha256:647d0a2475b8ed471962eed92fa69145b864942f9c6daa10f95ac70676637ae7", size = 2060358, upload-time = "2026-04-15T14:51:40.087Z" },
    { url = "https://files.pythonhosted.org/packages/09/5e/4caf2a15149271fbd2b4d968899a450853c800b85152abcf54b11531417f/pydantic_core-2.46.1-cp314-cp314-manylinux_2_17_ppc64le.manylinux2014_ppc64le.whl", hash = "sha256:ac9cde61965b0697fce6e6cc372df9e1ad93734828aac36e9c1c42a22ad02897", size = 2235980, upload-time = "2026-04-15T14:50:34.535Z" },
    { url = "https://files.pythonhosted.org/packages/c2/c1/a2cdabb5da6f5cb63a3558bcafffc20f790fa14ccffbefbfb1370fadc93f/pydantic_core-2.46.1-cp314-cp314-manylinux_2_17_s390x.manylinux2014_s390x.whl", hash = "sha256:0a2eb0864085f8b641fb3f54a2fb35c58aff24b175b80bc8a945050fcde03204", size = 2316800, upload-time = "2026-04-15T14:52:46.999Z" },
    { url = "https://files.pythonhosted.org/packages/76/fd/19d711e4e9331f9d77f222bffc202bf30ea0d74f6419046376bb82f244c8/pydantic_core-2.46.1-cp314-cp314-manylinux_2_17_x86_64.manylinux2014_x86_64.whl", hash = "sha256:b83ce9fede4bc4fb649281d9857f06d30198b8f70168f18b987518d713111572", size = 2101762, upload-time = "2026-04-15T14:49:24.278Z" },
    { url = "https://files.pythonhosted.org/packages/dc/64/ce95625448e1a4e219390a2923fd594f3fa368599c6b42ac71a5df7238c9/pydantic_core-2.46.1-cp314-cp314-manylinux_2_31_riscv64.whl", hash = "sha256:cb33192753c60f269d2f4a1db8253c95b0df6e04f2989631a8cc1b0f4f6e2e92", size = 2167737, upload-time = "2026-04-15T14:50:41.637Z" },
    { url = "https://files.pythonhosted.org/packages/ad/31/413572d03ca3e73b408f00f54418b91a8be6401451bc791eaeff210328e5/pydantic_core-2.46.1-cp314-cp314-manylinux_2_5_i686.manylinux1_i686.whl", hash = "sha256:96611d51f953f87e1ae97637c01ee596a08b7f494ea00a5afb67ea6547b9f53b", size = 2185658, upload-time = "2026-04-15T14:51:46.799Z" },
    { url = "https://files.pythonhosted.org/packages/36/09/e4f581353bdf3f0c7de8a8b27afd14fc761da29d78146376315a6fedc487/pydantic_core-2.46.1-cp314-cp314-musllinux_1_1_aarch64.whl", hash = "sha256:9b176fa55f9107db5e6c86099aa5bfd934f1d3ba6a8b43f714ddeebaed3f42b7", size = 2184154, upload-time = "2026-04-15T14:52:49.629Z" },
    { url = "https://files.pythonhosted.org/packages/1a/a4/d0d52849933f5a4bf1ad9d8da612792f96469b37e286a269e3ee9c60bbb1/pydantic_core-2.46.1-cp314-cp314-musllinux_1_1_armv7l.whl", hash = "sha256:79a59f63a4ce4f3330e27e6f3ce281dd1099453b637350e97d7cf24c207cd120", size = 2332379, upload-time = "2026-04-15T14:49:55.009Z" },
    { url = "https://files.pythonhosted.org/packages/30/93/25bfb08fdbef419f73290e573899ce938a327628c34e8f3a4bafeea30126/pydantic_core-2.46.1-cp314-cp314-musllinux_1_1_x86_64.whl", hash = "sha256:f200fce071808a385a314b7343f5e3688d7c45746be3d64dc71ee2d3e2a13268", size = 2377964, upload-time = "2026-04-15T14:51:59.649Z" },
    { url = "https://files.pythonhosted.org/packages/15/36/b777766ff83fef1cf97473d64764cd44f38e0d8c269ed06faace9ae17666/pydantic_core-2.46.1-cp314-cp314-win32.whl", hash = "sha256:3a07eccc0559fb9acc26d55b16bf8ebecd7f237c74a9e2c5741367db4e6d8aff", size = 1976450, upload-time = "2026-04-15T14:51:57.665Z" },
    { url = "https://files.pythonhosted.org/packages/7b/4b/4cd19d2437acfc18ca166db5a2067040334991eb862c4ecf2db098c91fbf/pydantic_core-2.46.1-cp314-cp314-win_amd64.whl", hash = "sha256:1706d270309ac7d071ffe393988c471363705feb3d009186e55d17786ada9622", size = 2067750, upload-time = "2026-04-15T14:49:38.941Z" },
    { url = "https://files.pythonhosted.org/packages/7f/a0/490751c0ef8f5b27aae81731859aed1508e72c1a9b5774c6034269db773b/pydantic_core-2.46.1-cp314-cp314-win_arm64.whl", hash = "sha256:22d4e7457ade8af06528012f382bc994a97cc2ce6e119305a70b3deff1e409d6", size = 2021109, upload-time = "2026-04-15T14:50:27.728Z" },
    { url = "https://files.pythonhosted.org/packages/36/3a/2a018968245fffd25d5f1972714121ad309ff2de19d80019ad93494844f9/pydantic_core-2.46.1-cp314-cp314t-macosx_10_12_x86_64.whl", hash = "sha256:607ff9db0b7e2012e7eef78465e69f9a0d7d1c3e7c6a84cf0c4011db0fcc3feb", size = 2111548, upload-time = "2026-04-15T14:52:08.273Z" },
    { url = "https://files.pythonhosted.org/packages/77/5b/4103b6192213217e874e764e5467d2ff10d8873c1147d01fa432ac281880/pydantic_core-2.46.1-cp314-cp314t-macosx_11_0_arm64.whl", hash = "sha256:8cda3eacaea13bd02a1bea7e457cc9fc30b91c5a91245cef9b215140f80dd78c", size = 1926745, upload-time = "2026-04-15T14:50:03.045Z" },
    { url = "https://files.pythonhosted.org/packages/c3/70/602a667cf4be4bec6c3334512b12ae4ea79ce9bfe41dc51be1fd34434453/pydantic_core-2.46.1-cp314-cp314t-manylinux_2_17_aarch64.manylinux2014_aarch64.whl", hash = "sha256:b9493279cdc7997fe19e5ed9b41f30cbc3806bd4722adb402fedb6f6d41bd72a", size = 1965922, upload-time = "2026-04-15T14:51:12.555Z" },
    { url = "https://files.pythonhosted.org/packages/a9/24/06a89ce5323e755b7d2812189f9706b87aaebe49b34d247b380502f7992c/pydantic_core-2.46.1-cp314-cp314t-manylinux_2_17_armv7l.manylinux2014_armv7l.whl", hash = "sha256:3644e5e10059999202355b6c6616e624909e23773717d8f76deb8a6e2a72328c", size = 2043221, upload-time = "2026-04-15T14:51:18.995Z" },
    { url = "https://files.pythonhosted.org/packages/2c/6e/b1d9ad907d9d76964903903349fd2e33c87db4b993cc44713edcad0fc488/pydantic_core-2.46.1-cp314-cp314t-manylinux_2_17_ppc64le.manylinux2014_ppc64le.whl", hash = "sha256:4ad6c9de57683e26c92730991960c0c3571b8053263b042de2d3e105930b2767", size = 2243655, upload-time = "2026-04-15T14:50:10.718Z" },
    { url = "https://files.pythonhosted.org/packages/ef/73/787abfaad51174641abb04c8aa125322279b40ad7ce23c495f5a69f76554/pydantic_core-2.46.1-cp314-cp314t-manylinux_2_17_s390x.manylinux2014_s390x.whl", hash = "sha256:557ebaa27c7617e7088002318c679a8ce685fa048523417cd1ca52b7f516d955", size = 2295976, upload-time = "2026-04-15T14:53:09.694Z" },
    { url = "https://files.pythonhosted.org/packages/56/0b/b7c5a631b6d5153d4a1ea4923b139aea256dc3bd99c8e6c7b312c7733146/pydantic_core-2.46.1-cp314-cp314t-manylinux_2_17_x86_64.manylinux2014_x86_64.whl", hash = "sha256:3cd37e39b22b796ba0298fe81e9421dd7b65f97acfbb0fb19b33ffdda7b9a7b4", size = 2103439, upload-time = "2026-04-15T14:50:08.32Z" },
    { url = "https://files.pythonhosted.org/packages/2a/3f/952ee470df69e5674cdec1cbde22331adf643b5cc2ff79f4292d80146ee4/pydantic_core-2.46.1-cp314-cp314t-manylinux_2_31_riscv64.whl", hash = "sha256:6689443b59714992e67d62505cdd2f952d6cf1c14cc9fd9aeec6719befc6f23b", size = 2132871, upload-time = "2026-04-15T14:50:24.445Z" },
    { url = "https://files.pythonhosted.org/packages/e3/8b/1dea3b1e683c60c77a60f710215f90f486755962aa8939dbcb7c0f975ac3/pydantic_core-2.46.1-cp314-cp314t-manylinux_2_5_i686.manylinux1_i686.whl", hash = "sha256:6f32c41ca1e3456b5dd691827b7c1433c12d5f0058cc186afbb3615bc07d97b8", size = 2168658, upload-time = "2026-04-15T14:52:24.897Z" },
    { url = "https://files.pythonhosted.org/packages/67/97/32ae283810910d274d5ba9f48f856f5f2f612410b78b249f302d297816f5/pydantic_core-2.46.1-cp314-cp314t-musllinux_1_1_aarch64.whl", hash = "sha256:88cd1355578852db83954dc36e4f58f299646916da976147c20cf6892ba5dc43", size = 2171184, upload-time = "2026-04-15T14:52:34.854Z" },
    { url = "https://files.pythonhosted.org/packages/a2/57/c9a855527fe56c2072070640221f53095b0b19eaf651f3c77643c9cabbe3/pydantic_core-2.46.1-cp314-cp314t-musllinux_1_1_armv7l.whl", hash = "sha256:a170fefdb068279a473cc9d34848b85e61d68bfcc2668415b172c5dfc6f213bf", size = 2316573, upload-time = "2026-04-15T14:52:12.871Z" },
    { url = "https://files.pythonhosted.org/packages/37/b3/14c39ffc7399819c5448007c7bcb4e6da5669850cfb7dcbb727594290b48/pydantic_core-2.46.1-cp314-cp314t-musllinux_1_1_x86_64.whl", hash = "sha256:556a63ff1006934dba4eed7ea31b58274c227e29298ec398e4275eda4b905e95", size = 2378340, upload-time = "2026-04-15T14:51:02.619Z" },
    { url = "https://files.pythonhosted.org/packages/01/55/a37461fbb29c053ea4e62cfc5c2d56425cb5efbef8316e63f6d84ae45718/pydantic_core-2.46.1-cp314-cp314t-win32.whl", hash = "sha256:3b146d8336a995f7d7da6d36e4a779b7e7dff2719ac00a1eb8bd3ded00bec87b", size = 1960843, upload-time = "2026-04-15T14:52:06.103Z" },
    { url = "https://files.pythonhosted.org/packages/22/d7/97e1221197d17a27f768363f87ec061519eeeed15bbd315d2e9d1429ff03/pydantic_core-2.46.1-cp314-cp314t-win_amd64.whl", hash = "sha256:f1bc856c958e6fe9ec071e210afe6feb695f2e2e81fd8d2b102f558d364c4c17", size = 2048696, upload-time = "2026-04-15T14:52:52.154Z" },
    { url = "https://files.pythonhosted.org/packages/19/d5/4eac95255c7d35094b46a32ec1e4d80eac94729c694726ee1d69948bd5f0/pydantic_core-2.46.1-cp314-cp314t-win_arm64.whl", hash = "sha256:21a5bfd8a1aa4de60494cdf66b0c912b1495f26a8899896040021fbd6038d989", size = 2022343, upload-time = "2026-04-15T14:49:49.036Z" },
]

[[package]]
name = "setuptools"
version = "80.9.0"
source = { registry = "https://pypi.org/simple" }
sdist = { url = "https://files.pythonhosted.org/packages/18/5d/3bf57dcd21979b887f014ea83c24ae194cfcd12b9e0fda66b957c69d1fca/setuptools-80.9.0.tar.gz", hash = "sha256:f36b47402ecde768dbfafc46e8e4207b4360c654f1f3bb84475f0a28628fb19c", size = 1319958, upload-time = "2025-05-27T00:56:51.443Z" }
wheels = [
    { url = "https://files.pythonhosted.org/packages/a3/dc/17031897dae0efacfea57dfd3a82fdd2a2aeb58e0ff71b77b87e44edc772/setuptools-80.9.0-py3-none-any.whl", hash = "sha256:062d34222ad13e0cc312a4c02d73f059e86a4acbfbdea8f8f76b28c99f306922", size = 1201486, upload-time = "2025-05-27T00:56:49.664Z" },
]

[[package]]
name = "types-protobuf"
version = "6.32.1.20251210"
source = { registry = "https://pypi.org/simple" }
sdist = { url = "https://files.pythonhosted.org/packages/c2/59/c743a842911887cd96d56aa8936522b0cd5f7a7f228c96e81b59fced45be/types_protobuf-6.32.1.20251210.tar.gz", hash = "sha256:c698bb3f020274b1a2798ae09dc773728ce3f75209a35187bd11916ebfde6763", size = 63900, upload-time = "2025-12-10T03:14:25.451Z" }
wheels = [
    { url = "https://files.pythonhosted.org/packages/aa/43/58e75bac4219cbafee83179505ff44cae3153ec279be0e30583a73b8f108/types_protobuf-6.32.1.20251210-py3-none-any.whl", hash = "sha256:2641f78f3696822a048cfb8d0ff42ccd85c25f12f871fbebe86da63793692140", size = 77921, upload-time = "2025-12-10T03:14:24.477Z" },
]

[[package]]
name = "typing-extensions"
version = "4.15.0"
source = { registry = "https://pypi.org/simple" }
sdist = { url = "https://files.pythonhosted.org/packages/72/94/1a15dd82efb362ac84269196e94cf00f187f7ed21c242792a923cdb1c61f/typing_extensions-4.15.0.tar.gz", hash = "sha256:0cea48d173cc12fa28ecabc3b837ea3cf6f38c6d1136f85cbaaf598984861466", size = 109391, upload-time = "2025-08-25T13:49:26.313Z" }
wheels = [
    { url = "https://files.pythonhosted.org/packages/18/67/36e9267722cc04a6b9f15c7f3441c2363321a3ea07da7ae0c0707beb2a9c/typing_extensions-4.15.0-py3-none-any.whl", hash = "sha256:f0fa19c6845758ab08074a0cfa8b7aecb71c999ca73d62883bc25cc018c4e548", size = 44614, upload-time = "2025-08-25T13:49:24.86Z" },
]

[[package]]
name = "typing-inspection"
version = "0.4.2"
source = { registry = "https://pypi.org/simple" }
dependencies = [
    { name = "typing-extensions" },
]
sdist = { url = "https://files.pythonhosted.org/packages/55/e3/70399cb7dd41c10ac53367ae42139cf4b1ca5f36bb3dc6c9d33acdb43655/typing_inspection-0.4.2.tar.gz", hash = "sha256:ba561c48a67c5958007083d386c3295464928b01faa735ab8547c5692e87f464", size = 75949, upload-time = "2025-10-01T02:14:41.687Z" }
wheels = [
    { url = "https://files.pythonhosted.org/packages/dc/9b/47798a6c91d8bdb567fe2698fe81e0c6b7cb7ef4d13da4114b41d239f65d/typing_inspection-0.4.2-py3-none-any.whl", hash = "sha256:4ed1cacbdc298c220f1bd249ed5287caa16f34d44ef4e9c3d0cbad5b521545e7", size = 14611, upload-time = "2025-10-01T02:14:40.154Z" },
]
